
Microsoft Visual Studio Solution File, Format Version 12.00
# Visual Studio 15
Project("{FAE04EC0-301F-11D3-BF4B-00C04F79EFBC}") = "ProceduralEnvironment.Runtime", "ProceduralEnvironment.Runtime.csproj", "{C9916DCD-FA17-9960-008C-03E5BF71EEB1}"
EndProject
Global
	GlobalSection(SolutionConfigurationPlatforms) = preSolution
		Debug|Any CPU = Debug|Any CPU
		Release|Any CPU = Release|Any CPU
	EndGlobalSection
	GlobalSection(ProjectConfigurationPlatforms) = postSolution
		{C9916DCD-FA17-9960-008C-03E5BF71EEB1}.Debug|Any CPU.ActiveCfg = Debug|Any CPU
		{C9916DCD-FA17-9960-008C-03E5BF71EEB1}.Debug|Any CPU.Build.0 = Debug|Any CPU
		{C9916DCD-FA17-9960-008C-03E5BF71EEB1}.Release|Any CPU.ActiveCfg = Release|Any CPU
		{C9916DCD-FA17-9960-008C-03E5BF71EEB1}.Release|Any CPU.Build.0 = Release|Any CPU
	EndGlobalSection
	GlobalSection(SolutionProperties) = preSolution
		HideSolutionNode = FALSE
	EndGlobalSection
EndGlobal
